
Microsoft Visual Studio Solution File, Format Version 12.00
# Visual Studio 15
VisualStudioVersion = 15.0.26228.4
MinimumVisualStudioVersion = 10.0.40219.1
Project("{FAE04EC0-301F-11D3-BF4B-00C04F79EFBC}") = "carnotify", ".\carnotify\carnotify\carnotify.csproj", "{26610D57-A5D2-458E-956B-44E70C317146}"
EndProject
Project("{FAE04EC0-301F-11D3-BF4B-00C04F79EFBC}") = "carnotify.Droid", ".\carnotify\carnotify.Droid\carnotify.Droid.csproj", "{D96A530F-1CD7-40BE-B37D-BE29EB898CFE}"
EndProject
Global
	GlobalSection(SolutionConfigurationPlatforms) = preSolution
		Debug|Any CPU = Debug|Any CPU
		Release|Any CPU = Release|Any CPU
	EndGlobalSection
	GlobalSection(ProjectConfigurationPlatforms) = postSolution
		{26610D57-A5D2-458E-956B-44E70C317146}.Debug|Any CPU.ActiveCfg = Debug|Any CPU
		{26610D57-A5D2-458E-956B-44E70C317146}.Debug|Any CPU.Build.0 = Debug|Any CPU
		{26610D57-A5D2-458E-956B-44E70C317146}.Release|Any CPU.ActiveCfg = Release|Any CPU
		{26610D57-A5D2-458E-956B-44E70C317146}.Release|Any CPU.Build.0 = Release|Any CPU
		{D96A530F-1CD7-40BE-B37D-BE29EB898CFE}.Debug|Any CPU.ActiveCfg = Debug|Any CPU
		{D96A530F-1CD7-40BE-B37D-BE29EB898CFE}.Debug|Any CPU.Build.0 = Debug|Any CPU
		{D96A530F-1CD7-40BE-B37D-BE29EB898CFE}.Debug|Any CPU.Deploy.0 = Debug|Any CPU
		{D96A530F-1CD7-40BE-B37D-BE29EB898CFE}.Release|Any CPU.ActiveCfg = Release|Any CPU
		{D96A530F-1CD7-40BE-B37D-BE29EB898CFE}.Release|Any CPU.Build.0 = Release|Any CPU
		{D96A530F-1CD7-40BE-B37D-BE29EB898CFE}.Release|Any CPU.Deploy.0 = Release|Any CPU
	EndGlobalSection
	GlobalSection(SolutionProperties) = preSolution
		HideSolutionNode = FALSE
	EndGlobalSection
EndGlobal
