
Microsoft Visual Studio Solution File, Format Version 12.00
# Visual Studio 15
VisualStudioVersion = 15.0.26228.4
MinimumVisualStudioVersion = 10.0.40219.1
Project("{FAE04EC0-301F-11D3-BF4B-00C04F79EFBC}") = "carnotify.Droid", "carnotify\carnotify.Droid\carnotify.Droid.csproj", "{D96A530F-1CD7-40BE-B37D-BE29EB898CFE}"
EndProject
Project("{FAE04EC0-301F-11D3-BF4B-00C04F79EFBC}") = "carnotify", "carnotify\carnotify\carnotify.csproj", "{26610D57-A5D2-458E-956B-44E70C317146}"
EndProject
Project("{FAE04EC0-301F-11D3-BF4B-00C04F79EFBC}") = "carnotify.UWP", "carnotify\carnotify.UWP\carnotify.UWP.csproj", "{12F19FCB-E31C-47D5-87FA-4F48669637DA}"
EndProject
Project("{FAE04EC0-301F-11D3-BF4B-00C04F79EFBC}") = "carnotify.iOS", "carnotify\carnotify.iOS\carnotify.iOS.csproj", "{418D0A50-1A6C-4388-BA76-C481BBE3D60F}"
EndProject
Global
	GlobalSection(SolutionConfigurationPlatforms) = preSolution
		Ad-Hoc|Any CPU = Ad-Hoc|Any CPU
		Ad-Hoc|ARM = Ad-Hoc|ARM
		Ad-Hoc|iPhone = Ad-Hoc|iPhone
		Ad-Hoc|iPhoneSimulator = Ad-Hoc|iPhoneSimulator
		Ad-Hoc|x64 = Ad-Hoc|x64
		Ad-Hoc|x86 = Ad-Hoc|x86
		AppStore|Any CPU = AppStore|Any CPU
		AppStore|ARM = AppStore|ARM
		AppStore|iPhone = AppStore|iPhone
		AppStore|iPhoneSimulator = AppStore|iPhoneSimulator
		AppStore|x64 = AppStore|x64
		AppStore|x86 = AppStore|x86
		Debug|Any CPU = Debug|Any CPU
		Debug|ARM = Debug|ARM
		Debug|iPhone = Debug|iPhone
		Debug|iPhoneSimulator = Debug|iPhoneSimulator
		Debug|x64 = Debug|x64
		Debug|x86 = Debug|x86
		Release|Any CPU = Release|Any CPU
		Release|ARM = Release|ARM
		Release|iPhone = Release|iPhone
		Release|iPhoneSimulator = Release|iPhoneSimulator
		Release|x64 = Release|x64
		Release|x86 = Release|x86
	EndGlobalSection
	GlobalSection(ProjectConfigurationPlatforms) = postSolution
		{D96A530F-1CD7-40BE-B37D-BE29EB898CFE}.Ad-Hoc|Any CPU.ActiveCfg = Release|Any CPU
		{D96A530F-1CD7-40BE-B37D-BE29EB898CFE}.Ad-Hoc|Any CPU.Build.0 = Release|Any CPU
		{D96A530F-1CD7-40BE-B37D-BE29EB898CFE}.Ad-Hoc|Any CPU.Deploy.0 = Release|Any CPU
		{D96A530F-1CD7-40BE-B37D-BE29EB898CFE}.Ad-Hoc|ARM.ActiveCfg = Release|Any CPU
		{D96A530F-1CD7-40BE-B37D-BE29EB898CFE}.Ad-Hoc|ARM.Build.0 = Release|Any CPU
		{D96A530F-1CD7-40BE-B37D-BE29EB898CFE}.Ad-Hoc|ARM.Deploy.0 = Release|Any CPU
		{D96A530F-1CD7-40BE-B37D-BE29EB898CFE}.Ad-Hoc|iPhone.ActiveCfg = Release|Any CPU
		{D96A530F-1CD7-40BE-B37D-BE29EB898CFE}.Ad-Hoc|iPhone.Build.0 = Release|Any CPU
		{D96A530F-1CD7-40BE-B37D-BE29EB898CFE}.Ad-Hoc|iPhone.Deploy.0 = Release|Any CPU
		{D96A530F-1CD7-40BE-B37D-BE29EB898CFE}.Ad-Hoc|iPhoneSimulator.ActiveCfg = Release|Any CPU
		{D96A530F-1CD7-40BE-B37D-BE29EB898CFE}.Ad-Hoc|iPhoneSimulator.Build.0 = Release|Any CPU
		{D96A530F-1CD7-40BE-B37D-BE29EB898CFE}.Ad-Hoc|iPhoneSimulator.Deploy.0 = Release|Any CPU
		{D96A530F-1CD7-40BE-B37D-BE29EB898CFE}.Ad-Hoc|x64.ActiveCfg = Release|Any CPU
		{D96A530F-1CD7-40BE-B37D-BE29EB898CFE}.Ad-Hoc|x64.Build.0 = Release|Any CPU
		{D96A530F-1CD7-40BE-B37D-BE29EB898CFE}.Ad-Hoc|x64.Deploy.0 = Release|Any CPU
		{D96A530F-1CD7-40BE-B37D-BE29EB898CFE}.Ad-Hoc|x86.ActiveCfg = Release|Any CPU
		{D96A530F-1CD7-40BE-B37D-BE29EB898CFE}.Ad-Hoc|x86.Build.0 = Release|Any CPU
		{D96A530F-1CD7-40BE-B37D-BE29EB898CFE}.Ad-Hoc|x86.Deploy.0 = Release|Any CPU
		{D96A530F-1CD7-40BE-B37D-BE29EB898CFE}.AppStore|Any CPU.ActiveCfg = Release|Any CPU
		{D96A530F-1CD7-40BE-B37D-BE29EB898CFE}.AppStore|Any CPU.Build.0 = Release|Any CPU
		{D96A530F-1CD7-40BE-B37D-BE29EB898CFE}.AppStore|Any CPU.Deploy.0 = Release|Any CPU
		{D96A530F-1CD7-40BE-B37D-BE29EB898CFE}.AppStore|ARM.ActiveCfg = Release|Any CPU
		{D96A530F-1CD7-40BE-B37D-BE29EB898CFE}.AppStore|ARM.Build.0 = Release|Any CPU
		{D96A530F-1CD7-40BE-B37D-BE29EB898CFE}.AppStore|ARM.Deploy.0 = Release|Any CPU
		{D96A530F-1CD7-40BE-B37D-BE29EB898CFE}.AppStore|iPhone.ActiveCfg = Release|Any CPU
		{D96A530F-1CD7-40BE-B37D-BE29EB898CFE}.AppStore|iPhone.Build.0 = Release|Any CPU
		{D96A530F-1CD7-40BE-B37D-BE29EB898CFE}.AppStore|iPhone.Deploy.0 = Release|Any CPU
		{D96A530F-1CD7-40BE-B37D-BE29EB898CFE}.AppStore|iPhoneSimulator.ActiveCfg = Release|Any CPU
		{D96A530F-1CD7-40BE-B37D-BE29EB898CFE}.AppStore|iPhoneSimulator.Build.0 = Release|Any CPU
		{D96A530F-1CD7-40BE-B37D-BE29EB898CFE}.AppStore|iPhoneSimulator.Deploy.0 = Release|Any CPU
		{D96A530F-1CD7-40BE-B37D-BE29EB898CFE}.AppStore|x64.ActiveCfg = Release|Any CPU
		{D96A530F-1CD7-40BE-B37D-BE29EB898CFE}.AppStore|x64.Build.0 = Release|Any CPU
		{D96A530F-1CD7-40BE-B37D-BE29EB898CFE}.AppStore|x64.Deploy.0 = Release|Any CPU
		{D96A530F-1CD7-40BE-B37D-BE29EB898CFE}.AppStore|x86.ActiveCfg = Release|Any CPU
		{D96A530F-1CD7-40BE-B37D-BE29EB898CFE}.AppStore|x86.Build.0 = Release|Any CPU
		{D96A530F-1CD7-40BE-B37D-BE29EB898CFE}.AppStore|x86.Deploy.0 = Release|Any CPU
		{D96A530F-1CD7-40BE-B37D-BE29EB898CFE}.Debug|Any CPU.ActiveCfg = Debug|Any CPU
		{D96A530F-1CD7-40BE-B37D-BE29EB898CFE}.Debug|Any CPU.Build.0 = Debug|Any CPU
		{D96A530F-1CD7-40BE-B37D-BE29EB898CFE}.Debug|Any CPU.Deploy.0 = Debug|Any CPU
		{D96A530F-1CD7-40BE-B37D-BE29EB898CFE}.Debug|ARM.ActiveCfg = Debug|Any CPU
		{D96A530F-1CD7-40BE-B37D-BE29EB898CFE}.Debug|ARM.Build.0 = Debug|Any CPU
		{D96A530F-1CD7-40BE-B37D-BE29EB898CFE}.Debug|ARM.Deploy.0 = Debug|Any CPU
		{D96A530F-1CD7-40BE-B37D-BE29EB898CFE}.Debug|iPhone.ActiveCfg = Debug|Any CPU
		{D96A530F-1CD7-40BE-B37D-BE29EB898CFE}.Debug|iPhone.Build.0 = Debug|Any CPU
		{D96A530F-1CD7-40BE-B37D-BE29EB898CFE}.Debug|iPhone.Deploy.0 = Debug|Any CPU
		{D96A530F-1CD7-40BE-B37D-BE29EB898CFE}.Debug|iPhoneSimulator.ActiveCfg = Debug|Any CPU
		{D96A530F-1CD7-40BE-B37D-BE29EB898CFE}.Debug|iPhoneSimulator.Build.0 = Debug|Any CPU
		{D96A530F-1CD7-40BE-B37D-BE29EB898CFE}.Debug|iPhoneSimulator.Deploy.0 = Debug|Any CPU
		{D96A530F-1CD7-40BE-B37D-BE29EB898CFE}.Debug|x64.ActiveCfg = Debug|Any CPU
		{D96A530F-1CD7-40BE-B37D-BE29EB898CFE}.Debug|x64.Build.0 = Debug|Any CPU
		{D96A530F-1CD7-40BE-B37D-BE29EB898CFE}.Debug|x64.Deploy.0 = Debug|Any CPU
		{D96A530F-1CD7-40BE-B37D-BE29EB898CFE}.Debug|x86.ActiveCfg = Debug|Any CPU
		{D96A530F-1CD7-40BE-B37D-BE29EB898CFE}.Debug|x86.Build.0 = Debug|Any CPU
		{D96A530F-1CD7-40BE-B37D-BE29EB898CFE}.Debug|x86.Deploy.0 = Debug|Any CPU
		{D96A530F-1CD7-40BE-B37D-BE29EB898CFE}.Release|Any CPU.ActiveCfg = Release|Any CPU
		{D96A530F-1CD7-40BE-B37D-BE29EB898CFE}.Release|Any CPU.Build.0 = Release|Any CPU
		{D96A530F-1CD7-40BE-B37D-BE29EB898CFE}.Release|Any CPU.Deploy.0 = Release|Any CPU
		{D96A530F-1CD7-40BE-B37D-BE29EB898CFE}.Release|ARM.ActiveCfg = Release|Any CPU
		{D96A530F-1CD7-40BE-B37D-BE29EB898CFE}.Release|ARM.Build.0 = Release|Any CPU
		{D96A530F-1CD7-40BE-B37D-BE29EB898CFE}.Release|ARM.Deploy.0 = Release|Any CPU
		{D96A530F-1CD7-40BE-B37D-BE29EB898CFE}.Release|iPhone.ActiveCfg = Release|Any CPU
		{D96A530F-1CD7-40BE-B37D-BE29EB898CFE}.Release|iPhone.Build.0 = Release|Any CPU
		{D96A530F-1CD7-40BE-B37D-BE29EB898CFE}.Release|iPhone.Deploy.0 = Release|Any CPU
		{D96A530F-1CD7-40BE-B37D-BE29EB898CFE}.Release|iPhoneSimulator.ActiveCfg = Release|Any CPU
		{D96A530F-1CD7-40BE-B37D-BE29EB898CFE}.Release|iPhoneSimulator.Build.0 = Release|Any CPU
		{D96A530F-1CD7-40BE-B37D-BE29EB898CFE}.Release|iPhoneSimulator.Deploy.0 = Release|Any CPU
		{D96A530F-1CD7-40BE-B37D-BE29EB898CFE}.Release|x64.ActiveCfg = Release|Any CPU
		{D96A530F-1CD7-40BE-B37D-BE29EB898CFE}.Release|x64.Build.0 = Release|Any CPU
		{D96A530F-1CD7-40BE-B37D-BE29EB898CFE}.Release|x64.Deploy.0 = Release|Any CPU
		{D96A530F-1CD7-40BE-B37D-BE29EB898CFE}.Release|x86.ActiveCfg = Release|Any CPU
		{D96A530F-1CD7-40BE-B37D-BE29EB898CFE}.Release|x86.Build.0 = Release|Any CPU
		{D96A530F-1CD7-40BE-B37D-BE29EB898CFE}.Release|x86.Deploy.0 = Release|Any CPU
		{26610D57-A5D2-458E-956B-44E70C317146}.Ad-Hoc|Any CPU.ActiveCfg = Release|Any CPU
		{26610D57-A5D2-458E-956B-44E70C317146}.Ad-Hoc|Any CPU.Build.0 = Release|Any CPU
		{26610D57-A5D2-458E-956B-44E70C317146}.Ad-Hoc|ARM.ActiveCfg = Release|Any CPU
		{26610D57-A5D2-458E-956B-44E70C317146}.Ad-Hoc|ARM.Build.0 = Release|Any CPU
		{26610D57-A5D2-458E-956B-44E70C317146}.Ad-Hoc|iPhone.ActiveCfg = Release|Any CPU
		{26610D57-A5D2-458E-956B-44E70C317146}.Ad-Hoc|iPhone.Build.0 = Release|Any CPU
		{26610D57-A5D2-458E-956B-44E70C317146}.Ad-Hoc|iPhoneSimulator.ActiveCfg = Release|Any CPU
		{26610D57-A5D2-458E-956B-44E70C317146}.Ad-Hoc|iPhoneSimulator.Build.0 = Release|Any CPU
		{26610D57-A5D2-458E-956B-44E70C317146}.Ad-Hoc|x64.ActiveCfg = Release|Any CPU
		{26610D57-A5D2-458E-956B-44E70C317146}.Ad-Hoc|x64.Build.0 = Release|Any CPU
		{26610D57-A5D2-458E-956B-44E70C317146}.Ad-Hoc|x86.ActiveCfg = Release|Any CPU
		{26610D57-A5D2-458E-956B-44E70C317146}.Ad-Hoc|x86.Build.0 = Release|Any CPU
		{26610D57-A5D2-458E-956B-44E70C317146}.AppStore|Any CPU.ActiveCfg = Release|Any CPU
		{26610D57-A5D2-458E-956B-44E70C317146}.AppStore|Any CPU.Build.0 = Release|Any CPU
		{26610D57-A5D2-458E-956B-44E70C317146}.AppStore|ARM.ActiveCfg = Release|Any CPU
		{26610D57-A5D2-458E-956B-44E70C317146}.AppStore|ARM.Build.0 = Release|Any CPU
		{26610D57-A5D2-458E-956B-44E70C317146}.AppStore|iPhone.ActiveCfg = Release|Any CPU
		{26610D57-A5D2-458E-956B-44E70C317146}.AppStore|iPhone.Build.0 = Release|Any CPU
		{26610D57-A5D2-458E-956B-44E70C317146}.AppStore|iPhoneSimulator.ActiveCfg = Release|Any CPU
		{26610D57-A5D2-458E-956B-44E70C317146}.AppStore|iPhoneSimulator.Build.0 = Release|Any CPU
		{26610D57-A5D2-458E-956B-44E70C317146}.AppStore|x64.ActiveCfg = Release|Any CPU
		{26610D57-A5D2-458E-956B-44E70C317146}.AppStore|x64.Build.0 = Release|Any CPU
		{26610D57-A5D2-458E-956B-44E70C317146}.AppStore|x86.ActiveCfg = Release|Any CPU
		{26610D57-A5D2-458E-956B-44E70C317146}.AppStore|x86.Build.0 = Release|Any CPU
		{26610D57-A5D2-458E-956B-44E70C317146}.Debug|Any CPU.ActiveCfg = Debug|Any CPU
		{26610D57-A5D2-458E-956B-44E70C317146}.Debug|Any CPU.Build.0 = Debug|Any CPU
		{26610D57-A5D2-458E-956B-44E70C317146}.Debug|ARM.ActiveCfg = Debug|Any CPU
		{26610D57-A5D2-458E-956B-44E70C317146}.Debug|ARM.Build.0 = Debug|Any CPU
		{26610D57-A5D2-458E-956B-44E70C317146}.Debug|iPhone.ActiveCfg = Debug|Any CPU
		{26610D57-A5D2-458E-956B-44E70C317146}.Debug|iPhone.Build.0 = Debug|Any CPU
		{26610D57-A5D2-458E-956B-44E70C317146}.Debug|iPhoneSimulator.ActiveCfg = Debug|Any CPU
		{26610D57-A5D2-458E-956B-44E70C317146}.Debug|iPhoneSimulator.Build.0 = Debug|Any CPU
		{26610D57-A5D2-458E-956B-44E70C317146}.Debug|x64.ActiveCfg = Debug|Any CPU
		{26610D57-A5D2-458E-956B-44E70C317146}.Debug|x64.Build.0 = Debug|Any CPU
		{26610D57-A5D2-458E-956B-44E70C317146}.Debug|x86.ActiveCfg = Debug|Any CPU
		{26610D57-A5D2-458E-956B-44E70C317146}.Debug|x86.Build.0 = Debug|Any CPU
		{26610D57-A5D2-458E-956B-44E70C317146}.Release|Any CPU.ActiveCfg = Release|Any CPU
		{26610D57-A5D2-458E-956B-44E70C317146}.Release|Any CPU.Build.0 = Release|Any CPU
		{26610D57-A5D2-458E-956B-44E70C317146}.Release|ARM.ActiveCfg = Release|Any CPU
		{26610D57-A5D2-458E-956B-44E70C317146}.Release|ARM.Build.0 = Release|Any CPU
		{26610D57-A5D2-458E-956B-44E70C317146}.Release|iPhone.ActiveCfg = Release|Any CPU
		{26610D57-A5D2-458E-956B-44E70C317146}.Release|iPhone.Build.0 = Release|Any CPU
		{26610D57-A5D2-458E-956B-44E70C317146}.Release|iPhoneSimulator.ActiveCfg = Release|Any CPU
		{26610D57-A5D2-458E-956B-44E70C317146}.Release|iPhoneSimulator.Build.0 = Release|Any CPU
		{26610D57-A5D2-458E-956B-44E70C317146}.Release|x64.ActiveCfg = Release|Any CPU
		{26610D57-A5D2-458E-956B-44E70C317146}.Release|x64.Build.0 = Release|Any CPU
		{26610D57-A5D2-458E-956B-44E70C317146}.Release|x86.ActiveCfg = Release|Any CPU
		{26610D57-A5D2-458E-956B-44E70C317146}.Release|x86.Build.0 = Release|Any CPU
		{12F19FCB-E31C-47D5-87FA-4F48669637DA}.Ad-Hoc|Any CPU.ActiveCfg = Release|x86
		{12F19FCB-E31C-47D5-87FA-4F48669637DA}.Ad-Hoc|Any CPU.Build.0 = Release|x86
		{12F19FCB-E31C-47D5-87FA-4F48669637DA}.Ad-Hoc|Any CPU.Deploy.0 = Release|x86
		{12F19FCB-E31C-47D5-87FA-4F48669637DA}.Ad-Hoc|ARM.ActiveCfg = Release|ARM
		{12F19FCB-E31C-47D5-87FA-4F48669637DA}.Ad-Hoc|ARM.Build.0 = Release|ARM
		{12F19FCB-E31C-47D5-87FA-4F48669637DA}.Ad-Hoc|ARM.Deploy.0 = Release|ARM
		{12F19FCB-E31C-47D5-87FA-4F48669637DA}.Ad-Hoc|iPhone.ActiveCfg = Release|x86
		{12F19FCB-E31C-47D5-87FA-4F48669637DA}.Ad-Hoc|iPhone.Build.0 = Release|x86
		{12F19FCB-E31C-47D5-87FA-4F48669637DA}.Ad-Hoc|iPhone.Deploy.0 = Release|x86
		{12F19FCB-E31C-47D5-87FA-4F48669637DA}.Ad-Hoc|iPhoneSimulator.ActiveCfg = Release|x86
		{12F19FCB-E31C-47D5-87FA-4F48669637DA}.Ad-Hoc|iPhoneSimulator.Build.0 = Release|x86
		{12F19FCB-E31C-47D5-87FA-4F48669637DA}.Ad-Hoc|iPhoneSimulator.Deploy.0 = Release|x86
		{12F19FCB-E31C-47D5-87FA-4F48669637DA}.Ad-Hoc|x64.ActiveCfg = Release|x64
		{12F19FCB-E31C-47D5-87FA-4F48669637DA}.Ad-Hoc|x64.Build.0 = Release|x64
		{12F19FCB-E31C-47D5-87FA-4F48669637DA}.Ad-Hoc|x64.Deploy.0 = Release|x64
		{12F19FCB-E31C-47D5-87FA-4F48669637DA}.Ad-Hoc|x86.ActiveCfg = Release|x86
		{12F19FCB-E31C-47D5-87FA-4F48669637DA}.Ad-Hoc|x86.Build.0 = Release|x86
		{12F19FCB-E31C-47D5-87FA-4F48669637DA}.Ad-Hoc|x86.Deploy.0 = Release|x86
		{12F19FCB-E31C-47D5-87FA-4F48669637DA}.AppStore|Any CPU.ActiveCfg = Release|x86
		{12F19FCB-E31C-47D5-87FA-4F48669637DA}.AppStore|Any CPU.Build.0 = Release|x86
		{12F19FCB-E31C-47D5-87FA-4F48669637DA}.AppStore|Any CPU.Deploy.0 = Release|x86
		{12F19FCB-E31C-47D5-87FA-4F48669637DA}.AppStore|ARM.ActiveCfg = Release|ARM
		{12F19FCB-E31C-47D5-87FA-4F48669637DA}.AppStore|ARM.Build.0 = Release|ARM
		{12F19FCB-E31C-47D5-87FA-4F48669637DA}.AppStore|ARM.Deploy.0 = Release|ARM
		{12F19FCB-E31C-47D5-87FA-4F48669637DA}.AppStore|iPhone.ActiveCfg = Release|x86
		{12F19FCB-E31C-47D5-87FA-4F48669637DA}.AppStore|iPhone.Build.0 = Release|x86
		{12F19FCB-E31C-47D5-87FA-4F48669637DA}.AppStore|iPhone.Deploy.0 = Release|x86
		{12F19FCB-E31C-47D5-87FA-4F48669637DA}.AppStore|iPhoneSimulator.ActiveCfg = Release|x86
		{12F19FCB-E31C-47D5-87FA-4F48669637DA}.AppStore|iPhoneSimulator.Build.0 = Release|x86
		{12F19FCB-E31C-47D5-87FA-4F48669637DA}.AppStore|iPhoneSimulator.Deploy.0 = Release|x86
		{12F19FCB-E31C-47D5-87FA-4F48669637DA}.AppStore|x64.ActiveCfg = Release|x64
		{12F19FCB-E31C-47D5-87FA-4F48669637DA}.AppStore|x64.Build.0 = Release|x64
		{12F19FCB-E31C-47D5-87FA-4F48669637DA}.AppStore|x64.Deploy.0 = Release|x64
		{12F19FCB-E31C-47D5-87FA-4F48669637DA}.AppStore|x86.ActiveCfg = Release|x86
		{12F19FCB-E31C-47D5-87FA-4F48669637DA}.AppStore|x86.Build.0 = Release|x86
		{12F19FCB-E31C-47D5-87FA-4F48669637DA}.AppStore|x86.Deploy.0 = Release|x86
		{12F19FCB-E31C-47D5-87FA-4F48669637DA}.Debug|Any CPU.ActiveCfg = Debug|x86
		{12F19FCB-E31C-47D5-87FA-4F48669637DA}.Debug|ARM.ActiveCfg = Debug|ARM
		{12F19FCB-E31C-47D5-87FA-4F48669637DA}.Debug|ARM.Build.0 = Debug|ARM
		{12F19FCB-E31C-47D5-87FA-4F48669637DA}.Debug|ARM.Deploy.0 = Debug|ARM
		{12F19FCB-E31C-47D5-87FA-4F48669637DA}.Debug|iPhone.ActiveCfg = Debug|x86
		{12F19FCB-E31C-47D5-87FA-4F48669637DA}.Debug|iPhoneSimulator.ActiveCfg = Debug|x86
		{12F19FCB-E31C-47D5-87FA-4F48669637DA}.Debug|x64.ActiveCfg = Debug|x64
		{12F19FCB-E31C-47D5-87FA-4F48669637DA}.Debug|x64.Build.0 = Debug|x64
		{12F19FCB-E31C-47D5-87FA-4F48669637DA}.Debug|x64.Deploy.0 = Debug|x64
		{12F19FCB-E31C-47D5-87FA-4F48669637DA}.Debug|x86.ActiveCfg = Debug|x86
		{12F19FCB-E31C-47D5-87FA-4F48669637DA}.Debug|x86.Build.0 = Debug|x86
		{12F19FCB-E31C-47D5-87FA-4F48669637DA}.Debug|x86.Deploy.0 = Debug|x86
		{12F19FCB-E31C-47D5-87FA-4F48669637DA}.Release|Any CPU.ActiveCfg = Release|x86
		{12F19FCB-E31C-47D5-87FA-4F48669637DA}.Release|ARM.ActiveCfg = Release|ARM
		{12F19FCB-E31C-47D5-87FA-4F48669637DA}.Release|ARM.Build.0 = Release|ARM
		{12F19FCB-E31C-47D5-87FA-4F48669637DA}.Release|ARM.Deploy.0 = Release|ARM
		{12F19FCB-E31C-47D5-87FA-4F48669637DA}.Release|iPhone.ActiveCfg = Release|x86
		{12F19FCB-E31C-47D5-87FA-4F48669637DA}.Release|iPhoneSimulator.ActiveCfg = Release|x86
		{12F19FCB-E31C-47D5-87FA-4F48669637DA}.Release|x64.ActiveCfg = Release|x64
		{12F19FCB-E31C-47D5-87FA-4F48669637DA}.Release|x64.Build.0 = Release|x64
		{12F19FCB-E31C-47D5-87FA-4F48669637DA}.Release|x64.Deploy.0 = Release|x64
		{12F19FCB-E31C-47D5-87FA-4F48669637DA}.Release|x86.ActiveCfg = Release|x86
		{12F19FCB-E31C-47D5-87FA-4F48669637DA}.Release|x86.Build.0 = Release|x86
		{12F19FCB-E31C-47D5-87FA-4F48669637DA}.Release|x86.Deploy.0 = Release|x86
		{418D0A50-1A6C-4388-BA76-C481BBE3D60F}.Ad-Hoc|Any CPU.ActiveCfg = Ad-Hoc|iPhone
		{418D0A50-1A6C-4388-BA76-C481BBE3D60F}.Ad-Hoc|ARM.ActiveCfg = Ad-Hoc|iPhone
		{418D0A50-1A6C-4388-BA76-C481BBE3D60F}.Ad-Hoc|iPhone.ActiveCfg = Ad-Hoc|iPhone
		{418D0A50-1A6C-4388-BA76-C481BBE3D60F}.Ad-Hoc|iPhone.Build.0 = Ad-Hoc|iPhone
		{418D0A50-1A6C-4388-BA76-C481BBE3D60F}.Ad-Hoc|iPhoneSimulator.ActiveCfg = Ad-Hoc|iPhoneSimulator
		{418D0A50-1A6C-4388-BA76-C481BBE3D60F}.Ad-Hoc|iPhoneSimulator.Build.0 = Ad-Hoc|iPhoneSimulator
		{418D0A50-1A6C-4388-BA76-C481BBE3D60F}.Ad-Hoc|x64.ActiveCfg = Ad-Hoc|iPhone
		{418D0A50-1A6C-4388-BA76-C481BBE3D60F}.Ad-Hoc|x86.ActiveCfg = Ad-Hoc|iPhone
		{418D0A50-1A6C-4388-BA76-C481BBE3D60F}.AppStore|Any CPU.ActiveCfg = AppStore|iPhone
		{418D0A50-1A6C-4388-BA76-C481BBE3D60F}.AppStore|ARM.ActiveCfg = AppStore|iPhone
		{418D0A50-1A6C-4388-BA76-C481BBE3D60F}.AppStore|iPhone.ActiveCfg = AppStore|iPhone
		{418D0A50-1A6C-4388-BA76-C481BBE3D60F}.AppStore|iPhone.Build.0 = AppStore|iPhone
		{418D0A50-1A6C-4388-BA76-C481BBE3D60F}.AppStore|iPhoneSimulator.ActiveCfg = AppStore|iPhoneSimulator
		{418D0A50-1A6C-4388-BA76-C481BBE3D60F}.AppStore|iPhoneSimulator.Build.0 = AppStore|iPhoneSimulator
		{418D0A50-1A6C-4388-BA76-C481BBE3D60F}.AppStore|x64.ActiveCfg = AppStore|iPhone
		{418D0A50-1A6C-4388-BA76-C481BBE3D60F}.AppStore|x86.ActiveCfg = AppStore|iPhone
		{418D0A50-1A6C-4388-BA76-C481BBE3D60F}.Debug|Any CPU.ActiveCfg = Debug|iPhone
		{418D0A50-1A6C-4388-BA76-C481BBE3D60F}.Debug|ARM.ActiveCfg = Debug|iPhone
		{418D0A50-1A6C-4388-BA76-C481BBE3D60F}.Debug|iPhone.ActiveCfg = Debug|iPhone
		{418D0A50-1A6C-4388-BA76-C481BBE3D60F}.Debug|iPhone.Build.0 = Debug|iPhone
		{418D0A50-1A6C-4388-BA76-C481BBE3D60F}.Debug|iPhoneSimulator.ActiveCfg = Debug|iPhoneSimulator
		{418D0A50-1A6C-4388-BA76-C481BBE3D60F}.Debug|iPhoneSimulator.Build.0 = Debug|iPhoneSimulator
		{418D0A50-1A6C-4388-BA76-C481BBE3D60F}.Debug|x64.ActiveCfg = Debug|iPhone
		{418D0A50-1A6C-4388-BA76-C481BBE3D60F}.Debug|x86.ActiveCfg = Debug|iPhone
		{418D0A50-1A6C-4388-BA76-C481BBE3D60F}.Release|Any CPU.ActiveCfg = Release|iPhone
		{418D0A50-1A6C-4388-BA76-C481BBE3D60F}.Release|ARM.ActiveCfg = Release|iPhone
		{418D0A50-1A6C-4388-BA76-C481BBE3D60F}.Release|iPhone.ActiveCfg = Release|iPhone
		{418D0A50-1A6C-4388-BA76-C481BBE3D60F}.Release|iPhone.Build.0 = Release|iPhone
		{418D0A50-1A6C-4388-BA76-C481BBE3D60F}.Release|iPhoneSimulator.ActiveCfg = Release|iPhoneSimulator
		{418D0A50-1A6C-4388-BA76-C481BBE3D60F}.Release|iPhoneSimulator.Build.0 = Release|iPhoneSimulator
		{418D0A50-1A6C-4388-BA76-C481BBE3D60F}.Release|x64.ActiveCfg = Release|iPhone
		{418D0A50-1A6C-4388-BA76-C481BBE3D60F}.Release|x86.ActiveCfg = Release|iPhone
	EndGlobalSection
	GlobalSection(SolutionProperties) = preSolution
		HideSolutionNode = FALSE
	EndGlobalSection
EndGlobal
